
Microsoft Visual Studio Solution File, Format Version 12.00
# Visual Studio Version 17
VisualStudioVersion = 17.3.32811.315
MinimumVisualStudioVersion = 10.0.40219.1
Project("{FAE04EC0-301F-11D3-BF4B-00C04F79EFBC}") = "ProyectoFormativoV1.0", "ProyectoFormativoV1.0.csproj", "{0C3B1222-E302-4F14-A6E0-6012C5B729E0}"
EndProject
Global
	GlobalSection(SolutionConfigurationPlatforms) = preSolution
		Debug|Any CPU = Debug|Any CPU
		Release|Any CPU = Release|Any CPU
	EndGlobalSection
	GlobalSection(ProjectConfigurationPlatforms) = postSolution
		{0C3B1222-E302-4F14-A6E0-6012C5B729E0}.Debug|Any CPU.ActiveCfg = Debug|Any CPU
		{0C3B1222-E302-4F14-A6E0-6012C5B729E0}.Debug|Any CPU.Build.0 = Debug|Any CPU
		{0C3B1222-E302-4F14-A6E0-6012C5B729E0}.Release|Any CPU.ActiveCfg = Release|Any CPU
		{0C3B1222-E302-4F14-A6E0-6012C5B729E0}.Release|Any CPU.Build.0 = Release|Any CPU
	EndGlobalSection
	GlobalSection(SolutionProperties) = preSolution
		HideSolutionNode = FALSE
	EndGlobalSection
	GlobalSection(ExtensibilityGlobals) = postSolution
		SolutionGuid = {36891F11-7AA0-4C33-B328-15E9C3504FAF}
	EndGlobalSection
EndGlobal
